{
  "name": "git-pretty",
  "version": "5.0.0",
  "lockfileVersion": 3,
  "requires": true,
  "packages": {
    "": {
      "name": "git-pretty",
      "version": "5.0.0",
      "license": "MIT",
      "dependencies": {
        "@inquirer/prompts": "^8.2.0",
        "chalk": "^5.6.2"
      },
      "bin": {
        "git-pretty": "git-pretty.js"
      },
      "devDependencies": {
        "prettier": "^3.8.0"
      }
    },
    "node_modules/@inquirer/ansi": {
      "version": "2.0.3",
      "resolved": "https://registry.npmjs.org/@inquirer/ansi/-/ansi-2.0.3.tgz",
      "integrity": "sha512-g44zhR3NIKVs0zUesa4iMzExmZpLUdTLRMCStqX3GE5NT6VkPcxQGJ+uC8tDgBUC/vB1rUhUd55cOf++4NZcmw==",
      "license": "MIT",
      "engines": {
        "node": ">=23.5.0 || ^22.13.0 || ^21.7.0 || ^20.12.0"
      }
    },
    "node_modules/@inquirer/checkbox": {
      "version": "5.0.4",
      "resolved": "https://registry.npmjs.org/@inquirer/checkbox/-/checkbox-5.0.4.tgz",
      "integrity": "sha512-DrAMU3YBGMUAp6ArwTIp/25CNDtDbxk7UjIrrtM25JVVrlVYlVzHh5HR1BDFu9JMyUoZ4ZanzeaHqNDttf3gVg==",
      "license": "MIT",
      "dependencies": {
        "@inquirer/ansi": "^2.0.3",
        "@inquirer/core": "^11.1.1",
        "@inquirer/figures": "^2.0.3",
        "@inquirer/type": "^4.0.3"
      },
      "engines": {
        "node": ">=23.5.0 || ^22.13.0 || ^21.7.0 || ^20.12.0"
      },
      "peerDependencies": {
        "@types/node": ">=18"
      },
      "peerDependenciesMeta": {
        "@types/node": {
          "optional": true
        }
      }
    },
    "node_modules/@inquirer/confirm": {
      "version": "6.0.4",
      "resolved": "https://registry.npmjs.org/@inquirer/confirm/-/confirm-6.0.4.tgz",
      "integrity": "sha512-WdaPe7foUnoGYvXzH4jp4wH/3l+dBhZ3uwhKjXjwdrq5tEIFaANxj6zrGHxLdsIA0yKM0kFPVcEalOZXBB5ISA==",
      "license": "MIT",
      "dependencies": {
        "@inquirer/core": "^11.1.1",
        "@inquirer/type": "^4.0.3"
      },
      "engines": {
        "node": ">=23.5.0 || ^22.13.0 || ^21.7.0 || ^20.12.0"
      },
      "peerDependencies": {
        "@types/node": ">=18"
      },
      "peerDependenciesMeta": {
        "@types/node": {
          "optional": true
        }
      }
    },
    "node_modules/@inquirer/core": {
      "version": "11.1.1",
      "resolved": "https://registry.npmjs.org/@inquirer/core/-/core-11.1.1.tgz",
      "integrity": "sha512-hV9o15UxX46OyQAtaoMqAOxGR8RVl1aZtDx1jHbCtSJy1tBdTfKxLPKf7utsE4cRy4tcmCQ4+vdV+ca+oNxqNA==",
      "license": "MIT",
      "dependencies": {
        "@inquirer/ansi": "^2.0.3",
        "@inquirer/figures": "^2.0.3",
        "@inquirer/type": "^4.0.3",
        "cli-width": "^4.1.0",
        "mute-stream": "^3.0.0",
        "signal-exit": "^4.1.0",
        "wrap-ansi": "^9.0.2"
      },
      "engines": {
        "node": ">=23.5.0 || ^22.13.0 || ^21.7.0 || ^20.12.0"
      },
      "peerDependencies": {
        "@types/node": ">=18"
      },
      "peerDependenciesMeta": {
        "@types/node": {
          "optional": true
        }
      }
    },
    "node_modules/@inquirer/editor": {
      "version": "5.0.4",
      "resolved": "https://registry.npmjs.org/@inquirer/editor/-/editor-5.0.4.tgz",
      "integrity": "sha512-QI3Jfqcv6UO2/VJaEFONH8Im1ll++Xn/AJTBn9Xf+qx2M+H8KZAdQ5sAe2vtYlo+mLW+d7JaMJB4qWtK4BG3pw==",
      "license": "MIT",
      "dependencies": {
        "@inquirer/core": "^11.1.1",
        "@inquirer/external-editor": "^2.0.3",
        "@inquirer/type": "^4.0.3"
      },
      "engines": {
        "node": ">=23.5.0 || ^22.13.0 || ^21.7.0 || ^20.12.0"
      },
      "peerDependencies": {
        "@types/node": ">=18"
      },
      "peerDependenciesMeta": {
        "@types/node": {
          "optional": true
        }
      }
    },
    "node_modules/@inquirer/expand": {
      "version": "5.0.4",
      "resolved": "https://registry.npmjs.org/@inquirer/expand/-/expand-5.0.4.tgz",
      "integrity": "sha512-0I/16YwPPP0Co7a5MsomlZLpch48NzYfToyqYAOWtBmaXSB80RiNQ1J+0xx2eG+Wfxt0nHtpEWSRr6CzNVnOGg==",
      "license": "MIT",
      "dependencies": {
        "@inquirer/core": "^11.1.1",
        "@inquirer/type": "^4.0.3"
      },
      "engines": {
        "node": ">=23.5.0 || ^22.13.0 || ^21.7.0 || ^20.12.0"
      },
      "peerDependencies": {
        "@types/node": ">=18"
      },
      "peerDependenciesMeta": {
        "@types/node": {
          "optional": true
        }
      }
    },
    "node_modules/@inquirer/external-editor": {
      "version": "2.0.3",
      "resolved": "https://registry.npmjs.org/@inquirer/external-editor/-/external-editor-2.0.3.tgz",
      "integrity": "sha512-LgyI7Agbda74/cL5MvA88iDpvdXI2KuMBCGRkbCl2Dg1vzHeOgs+s0SDcXV7b+WZJrv2+ERpWSM65Fpi9VfY3w==",
      "license": "MIT",
      "dependencies": {
        "chardet": "^2.1.1",
        "iconv-lite": "^0.7.2"
      },
      "engines": {
        "node": ">=23.5.0 || ^22.13.0 || ^21.7.0 || ^20.12.0"
      },
      "peerDependencies": {
        "@types/node": ">=18"
      },
      "peerDependenciesMeta": {
        "@types/node": {
          "optional": true
        }
      }
    },
    "node_modules/@inquirer/figures": {
      "version": "2.0.3",
      "resolved": "https://registry.npmjs.org/@inquirer/figures/-/figures-2.0.3.tgz",
      "integrity": "sha512-y09iGt3JKoOCBQ3w4YrSJdokcD8ciSlMIWsD+auPu+OZpfxLuyz+gICAQ6GCBOmJJt4KEQGHuZSVff2jiNOy7g==",
      "license": "MIT",
      "engines": {
        "node": ">=23.5.0 || ^22.13.0 || ^21.7.0 || ^20.12.0"
      }
    },
    "node_modules/@inquirer/input": {
      "version": "5.0.4",
      "resolved": "https://registry.npmjs.org/@inquirer/input/-/input-5.0.4.tgz",
      "integrity": "sha512-4B3s3jvTREDFvXWit92Yc6jF1RJMDy2VpSqKtm4We2oVU65YOh2szY5/G14h4fHlyQdpUmazU5MPCFZPRJ0AOw==",
      "license": "MIT",
      "dependencies": {
        "@inquirer/core": "^11.1.1",
        "@inquirer/type": "^4.0.3"
      },
      "engines": {
        "node": ">=23.5.0 || ^22.13.0 || ^21.7.0 || ^20.12.0"
      },
      "peerDependencies": {
        "@types/node": ">=18"
      },
      "peerDependenciesMeta": {
        "@types/node": {
          "optional": true
        }
      }
    },
    "node_modules/@inquirer/number": {
      "version": "4.0.4",
      "resolved": "https://registry.npmjs.org/@inquirer/number/-/number-4.0.4.tgz",
      "integrity": "sha512-CmMp9LF5HwE+G/xWsC333TlCzYYbXMkcADkKzcawh49fg2a1ryLc7JL1NJYYt1lJ+8f4slikNjJM9TEL/AljYQ==",
      "license": "MIT",
      "dependencies": {
        "@inquirer/core": "^11.1.1",
        "@inquirer/type": "^4.0.3"
      },
      "engines": {
        "node": ">=23.5.0 || ^22.13.0 || ^21.7.0 || ^20.12.0"
      },
      "peerDependencies": {
        "@types/node": ">=18"
      },
      "peerDependenciesMeta": {
        "@types/node": {
          "optional": true
        }
      }
    },
    "node_modules/@inquirer/password": {
      "version": "5.0.4",
      "resolved": "https://registry.npmjs.org/@inquirer/password/-/password-5.0.4.tgz",
      "integrity": "sha512-ZCEPyVYvHK4W4p2Gy6sTp9nqsdHQCfiPXIP9LbJVW4yCinnxL/dDDmPaEZVysGrj8vxVReRnpfS2fOeODe9zjg==",
      "license": "MIT",
      "dependencies": {
        "@inquirer/ansi": "^2.0.3",
        "@inquirer/core": "^11.1.1",
        "@inquirer/type": "^4.0.3"
      },
      "engines": {
        "node": ">=23.5.0 || ^22.13.0 || ^21.7.0 || ^20.12.0"
      },
      "peerDependencies": {
        "@types/node": ">=18"
      },
      "peerDependenciesMeta": {
        "@types/node": {
          "optional": true
        }
      }
    },
    "node_modules/@inquirer/prompts": {
      "version": "8.2.0",
      "resolved": "https://registry.npmjs.org/@inquirer/prompts/-/prompts-8.2.0.tgz",
      "integrity": "sha512-rqTzOprAj55a27jctS3vhvDDJzYXsr33WXTjODgVOru21NvBo9yIgLIAf7SBdSV0WERVly3dR6TWyp7ZHkvKFA==",
      "license": "MIT",
      "dependencies": {
        "@inquirer/checkbox": "^5.0.4",
        "@inquirer/confirm": "^6.0.4",
        "@inquirer/editor": "^5.0.4",
        "@inquirer/expand": "^5.0.4",
        "@inquirer/input": "^5.0.4",
        "@inquirer/number": "^4.0.4",
        "@inquirer/password": "^5.0.4",
        "@inquirer/rawlist": "^5.2.0",
        "@inquirer/search": "^4.1.0",
        "@inquirer/select": "^5.0.4"
      },
      "engines": {
        "node": ">=23.5.0 || ^22.13.0 || ^21.7.0 || ^20.12.0"
      },
      "peerDependencies": {
        "@types/node": ">=18"
      },
      "peerDependenciesMeta": {
        "@types/node": {
          "optional": true
        }
      }
    },
    "node_modules/@inquirer/rawlist": {
      "version": "5.2.0",
      "resolved": "https://registry.npmjs.org/@inquirer/rawlist/-/rawlist-5.2.0.tgz",
      "integrity": "sha512-CciqGoOUMrFo6HxvOtU5uL8fkjCmzyeB6fG7O1vdVAZVSopUBYECOwevDBlqNLyyYmzpm2Gsn/7nLrpruy9RFg==",
      "license": "MIT",
      "dependencies": {
        "@inquirer/core": "^11.1.1",
        "@inquirer/type": "^4.0.3"
      },
      "engines": {
        "node": ">=23.5.0 || ^22.13.0 || ^21.7.0 || ^20.12.0"
      },
      "peerDependencies": {
        "@types/node": ">=18"
      },
      "peerDependenciesMeta": {
        "@types/node": {
          "optional": true
        }
      }
    },
    "node_modules/@inquirer/search": {
      "version": "4.1.0",
      "resolved": "https://registry.npmjs.org/@inquirer/search/-/search-4.1.0.tgz",
      "integrity": "sha512-EAzemfiP4IFvIuWnrHpgZs9lAhWDA0GM3l9F4t4mTQ22IFtzfrk8xbkMLcAN7gmVML9O/i+Hzu8yOUyAaL6BKA==",
      "license": "MIT",
      "dependencies": {
        "@inquirer/core": "^11.1.1",
        "@inquirer/figures": "^2.0.3",
        "@inquirer/type": "^4.0.3"
      },
      "engines": {
        "node": ">=23.5.0 || ^22.13.0 || ^21.7.0 || ^20.12.0"
      },
      "peerDependencies": {
        "@types/node": ">=18"
      },
      "peerDependenciesMeta": {
        "@types/node": {
          "optional": true
        }
      }
    },
    "node_modules/@inquirer/select": {
      "version": "5.0.4",
      "resolved": "https://registry.npmjs.org/@inquirer/select/-/select-5.0.4.tgz",
      "integrity": "sha512-s8KoGpPYMEQ6WXc0dT9blX2NtIulMdLOO3LA1UKOiv7KFWzlJ6eLkEYTDBIi+JkyKXyn8t/CD6TinxGjyLt57g==",
      "license": "MIT",
      "dependencies": {
        "@inquirer/ansi": "^2.0.3",
        "@inquirer/core": "^11.1.1",
        "@inquirer/figures": "^2.0.3",
        "@inquirer/type": "^4.0.3"
      },
      "engines": {
        "node": ">=23.5.0 || ^22.13.0 || ^21.7.0 || ^20.12.0"
      },
      "peerDependencies": {
        "@types/node": ">=18"
      },
      "peerDependenciesMeta": {
        "@types/node": {
          "optional": true
        }
      }
    },
    "node_modules/@inquirer/type": {
      "version": "4.0.3",
      "resolved": "https://registry.npmjs.org/@inquirer/type/-/type-4.0.3.tgz",
      "integrity": "sha512-cKZN7qcXOpj1h+1eTTcGDVLaBIHNMT1Rz9JqJP5MnEJ0JhgVWllx7H/tahUp5YEK1qaByH2Itb8wLG/iScD5kw==",
      "license": "MIT",
      "engines": {
        "node": ">=23.5.0 || ^22.13.0 || ^21.7.0 || ^20.12.0"
      },
      "peerDependencies": {
        "@types/node": ">=18"
      },
      "peerDependenciesMeta": {
        "@types/node": {
          "optional": true
        }
      }
    },
    "node_modules/ansi-regex": {
      "version": "6.2.2",
      "resolved": "https://registry.npmjs.org/ansi-regex/-/ansi-regex-6.2.2.tgz",
      "integrity": "sha512-Bq3SmSpyFHaWjPk8If9yc6svM8c56dB5BAtW4Qbw5jHTwwXXcTLoRMkpDJp6VL0XzlWaCHTXrkFURMYmD0sLqg==",
      "license": "MIT",
      "engines": {
        "node": ">=12"
      },
      "funding": {
        "url": "https://github.com/chalk/ansi-regex?sponsor=1"
      }
    },
    "node_modules/chalk": {
      "version": "5.6.2",
      "resolved": "https://registry.npmjs.org/chalk/-/chalk-5.6.2.tgz",
      "integrity": "sha512-7NzBL0rN6fMUW+f7A6Io4h40qQlG+xGmtMxfbnH/K7TAtt8JQWVQK+6g0UXKMeVJoyV5EkkNsErQ8pVD3bLHbA==",
      "license": "MIT",
      "engines": {
        "node": "^12.17.0 || ^14.13 || >=16.0.0"
      },
      "funding": {
        "url": "https://github.com/chalk/chalk?sponsor=1"
      }
    },
    "node_modules/chardet": {
      "version": "2.1.1",
      "resolved": "https://registry.npmjs.org/chardet/-/chardet-2.1.1.tgz",
      "integrity": "sha512-PsezH1rqdV9VvyNhxxOW32/d75r01NY7TQCmOqomRo15ZSOKbpTFVsfjghxo6JloQUCGnH4k1LGu0R4yCLlWQQ==",
      "license": "MIT"
    },
    "node_modules/cli-width": {
      "version": "4.1.0",
      "resolved": "https://registry.npmjs.org/cli-width/-/cli-width-4.1.0.tgz",
      "integrity": "sha512-ouuZd4/dm2Sw5Gmqy6bGyNNNe1qt9RpmxveLSO7KcgsTnU7RXfsw+/bukWGo1abgBiMAic068rclZsO4IWmmxQ==",
      "license": "ISC",
      "engines": {
        "node": ">= 12"
      }
    },
    "node_modules/emoji-regex": {
      "version": "10.6.0",
      "resolved": "https://registry.npmjs.org/emoji-regex/-/emoji-regex-10.6.0.tgz",
      "integrity": "sha512-toUI84YS5YmxW219erniWD0CIVOo46xGKColeNQRgOzDorgBi1v4D71/OFzgD9GO2UGKIv1C3Sp8DAn0+j5w7A==",
      "license": "MIT"
    },
    "node_modules/get-east-asian-width": {
      "version": "1.4.0",
      "resolved": "https://registry.npmjs.org/get-east-asian-width/-/get-east-asian-width-1.4.0.tgz",
      "integrity": "sha512-QZjmEOC+IT1uk6Rx0sX22V6uHWVwbdbxf1faPqJ1QhLdGgsRGCZoyaQBm/piRdJy/D2um6hM1UP7ZEeQ4EkP+Q==",
      "license": "MIT",
      "engines": {
        "node": ">=18"
      },
      "funding": {
        "url": "https://github.com/sponsors/sindresorhus"
      }
    },
    "node_modules/iconv-lite": {
      "version": "0.7.2",
      "resolved": "https://registry.npmjs.org/iconv-lite/-/iconv-lite-0.7.2.tgz",
      "integrity": "sha512-im9DjEDQ55s9fL4EYzOAv0yMqmMBSZp6G0VvFyTMPKWxiSBHUj9NW/qqLmXUwXrrM7AvqSlTCfvqRb0cM8yYqw==",
      "license": "MIT",
      "dependencies": {
        "safer-buffer": ">= 2.1.2 < 3.0.0"
      },
      "engines": {
        "node": ">=0.10.0"
      },
      "funding": {
        "type": "opencollective",
        "url": "https://opencollective.com/express"
      }
    },
    "node_modules/mute-stream": {
      "version": "3.0.0",
      "resolved": "https://registry.npmjs.org/mute-stream/-/mute-stream-3.0.0.tgz",
      "integrity": "sha512-dkEJPVvun4FryqBmZ5KhDo0K9iDXAwn08tMLDinNdRBNPcYEDiWYysLcc6k3mjTMlbP9KyylvRpd4wFtwrT9rw==",
      "license": "ISC",
      "engines": {
        "node": "^20.17.0 || >=22.9.0"
      }
    },
    "node_modules/prettier": {
      "version": "3.8.0",
      "resolved": "https://registry.npmjs.org/prettier/-/prettier-3.8.0.tgz",
      "integrity": "sha512-yEPsovQfpxYfgWNhCfECjG5AQaO+K3dp6XERmOepyPDVqcJm+bjyCVO3pmU+nAPe0N5dDvekfGezt/EIiRe1TA==",
      "dev": true,
      "license": "MIT",
      "bin": {
        "prettier": "bin/prettier.cjs"
      },
      "engines": {
        "node": ">=14"
      },
      "funding": {
        "url": "https://github.com/prettier/prettier?sponsor=1"
      }
    },
    "node_modules/safer-buffer": {
      "version": "2.1.2",
      "resolved": "https://registry.npmjs.org/safer-buffer/-/safer-buffer-2.1.2.tgz",
      "integrity": "sha512-YZo3K82SD7Riyi0E1EQPojLz7kpepnSQI9IyPbHHg1XXXevb5dJI7tpyN2ADxGcQbHG7vcyRHk0cbwqcQriUtg==",
      "license": "MIT"
    },
    "node_modules/signal-exit": {
      "version": "4.1.0",
      "resolved": "https://registry.npmjs.org/signal-exit/-/signal-exit-4.1.0.tgz",
      "integrity": "sha512-bzyZ1e88w9O1iNJbKnOlvYTrWPDl46O1bG0D3XInv+9tkPrxrN8jUUTiFlDkkmKWgn1M6CfIA13SuGqOa9Korw==",
      "license": "ISC",
      "engines": {
        "node": ">=14"
      },
      "funding": {
        "url": "https://github.com/sponsors/isaacs"
      }
    },
    "node_modules/string-width": {
      "version": "7.2.0",
      "resolved": "https://registry.npmjs.org/string-width/-/string-width-7.2.0.tgz",
      "integrity": "sha512-tsaTIkKW9b4N+AEj+SVA+WhJzV7/zMhcSu78mLKWSk7cXMOSHsBKFWUs0fWwq8QyK3MgJBQRX6Gbi4kYbdvGkQ==",
      "license": "MIT",
      "dependencies": {
        "emoji-regex": "^10.3.0",
        "get-east-asian-width": "^1.0.0",
        "strip-ansi": "^7.1.0"
      },
      "engines": {
        "node": ">=18"
      },
      "funding": {
        "url": "https://github.com/sponsors/sindresorhus"
      }
    },
    "node_modules/strip-ansi": {
      "version": "7.1.2",
      "resolved": "https://registry.npmjs.org/strip-ansi/-/strip-ansi-7.1.2.tgz",
      "integrity": "sha512-gmBGslpoQJtgnMAvOVqGZpEz9dyoKTCzy2nfz/n8aIFhN/jCE/rCmcxabB6jOOHV+0WNnylOxaxBQPSvcWklhA==",
      "license": "MIT",
      "dependencies": {
        "ansi-regex": "^6.0.1"
      },
      "engines": {
        "node": ">=12"
      },
      "funding": {
        "url": "https://github.com/chalk/strip-ansi?sponsor=1"
      }
    },
    "node_modules/wrap-ansi": {
      "version": "9.0.2",
      "resolved": "https://registry.npmjs.org/wrap-ansi/-/wrap-ansi-9.0.2.tgz",
      "integrity": "sha512-42AtmgqjV+X1VpdOfyTGOYRi0/zsoLqtXQckTmqTeybT+BDIbM/Guxo7x3pE2vtpr1ok6xRqM9OpBe+Jyoqyww==",
      "license": "MIT",
      "dependencies": {
        "ansi-styles": "^6.2.1",
        "string-width": "^7.0.0",
        "strip-ansi": "^7.1.0"
      },
      "engines": {
        "node": ">=18"
      },
      "funding": {
        "url": "https://github.com/chalk/wrap-ansi?sponsor=1"
      }
    },
    "node_modules/wrap-ansi/node_modules/ansi-styles": {
      "version": "6.2.3",
      "resolved": "https://registry.npmjs.org/ansi-styles/-/ansi-styles-6.2.3.tgz",
      "integrity": "sha512-4Dj6M28JB+oAH8kFkTLUo+a2jwOFkuqb3yucU0CANcRRUbxS0cP0nZYCGjcc3BNXwRIsUVmDGgzawme7zvJHvg==",
      "license": "MIT",
      "engines": {
        "node": ">=12"
      },
      "funding": {
        "url": "https://github.com/chalk/ansi-styles?sponsor=1"
      }
    }
  }
}
